
Microsoft Visual Studio Solution File, Format Version 12.00
# Visual Studio Version 17
VisualStudioVersion = 17.4.33205.214
MinimumVisualStudioVersion = 10.0.40219.1
Project("{9A19103F-16F7-4668-BE54-9A1E7A4F7556}") = "Task9", "Task9\Task9.csproj", "{9F8842E7-6252-4EE3-B3F0-27662230A9CC}"
EndProject
Project("{9A19103F-16F7-4668-BE54-9A1E7A4F7556}") = "Task9.Tests.InMemory", "Task9.Tests.InMemory\Task9.Tests.InMemory.csproj", "{B7467AEA-7398-4F0F-879C-57AFB9D38EAD}"
EndProject
Project("{9A19103F-16F7-4668-BE54-9A1E7A4F7556}") = "Task9.Tests.Mock", "Task9.Tests.Mock\Task9.Tests.Mock.csproj", "{8E4B5E1D-9006-4CCC-A4B3-34B7A28C33D6}"
EndProject
Global
	GlobalSection(SolutionConfigurationPlatforms) = preSolution
		Debug|Any CPU = Debug|Any CPU
		Release|Any CPU = Release|Any CPU
	EndGlobalSection
	GlobalSection(ProjectConfigurationPlatforms) = postSolution
		{9F8842E7-6252-4EE3-B3F0-27662230A9CC}.Debug|Any CPU.ActiveCfg = Debug|Any CPU
		{9F8842E7-6252-4EE3-B3F0-27662230A9CC}.Debug|Any CPU.Build.0 = Debug|Any CPU
		{9F8842E7-6252-4EE3-B3F0-27662230A9CC}.Release|Any CPU.ActiveCfg = Release|Any CPU
		{9F8842E7-6252-4EE3-B3F0-27662230A9CC}.Release|Any CPU.Build.0 = Release|Any CPU
		{B7467AEA-7398-4F0F-879C-57AFB9D38EAD}.Debug|Any CPU.ActiveCfg = Debug|Any CPU
		{B7467AEA-7398-4F0F-879C-57AFB9D38EAD}.Debug|Any CPU.Build.0 = Debug|Any CPU
		{B7467AEA-7398-4F0F-879C-57AFB9D38EAD}.Release|Any CPU.ActiveCfg = Release|Any CPU
		{B7467AEA-7398-4F0F-879C-57AFB9D38EAD}.Release|Any CPU.Build.0 = Release|Any CPU
		{8E4B5E1D-9006-4CCC-A4B3-34B7A28C33D6}.Debug|Any CPU.ActiveCfg = Debug|Any CPU
		{8E4B5E1D-9006-4CCC-A4B3-34B7A28C33D6}.Debug|Any CPU.Build.0 = Debug|Any CPU
		{8E4B5E1D-9006-4CCC-A4B3-34B7A28C33D6}.Release|Any CPU.ActiveCfg = Release|Any CPU
		{8E4B5E1D-9006-4CCC-A4B3-34B7A28C33D6}.Release|Any CPU.Build.0 = Release|Any CPU
	EndGlobalSection
	GlobalSection(SolutionProperties) = preSolution
		HideSolutionNode = FALSE
	EndGlobalSection
	GlobalSection(ExtensibilityGlobals) = postSolution
		SolutionGuid = {CAA4F4C3-37D8-4A93-A709-2BDEB26B8C6C}
	EndGlobalSection
EndGlobal
