
Microsoft Visual Studio Solution File, Format Version 12.00
# Visual Studio Version 17
VisualStudioVersion = 17.4.33205.214
MinimumVisualStudioVersion = 10.0.40219.1
Project("{9A19103F-16F7-4668-BE54-9A1E7A4F7556}") = "UniversityMGR_MVC", "UniversityMGR_MVC\UniversityMGR_MVC.csproj", "{19B5943D-9C0B-4FDD-92E5-27CEA0BEFAEC}"
EndProject
Project("{9A19103F-16F7-4668-BE54-9A1E7A4F7556}") = "UniversityMGR_MVC.Tests.InMemory", "UniversityMGR_MVC.Tests.InMemory\UniversityMGR_MVC.Tests.InMemory.csproj", "{6BADE8B8-6826-4679-B612-9222A86E566D}"
EndProject
Project("{9A19103F-16F7-4668-BE54-9A1E7A4F7556}") = "UniversityMGR_MVC.Tests.Mock", "UniversityMGR_MVC.Tests.Mock\UniversityMGR_MVC.Tests.Mock.csproj", "{71A251A5-D778-4513-BF35-83243449E957}"
EndProject
Global
	GlobalSection(SolutionConfigurationPlatforms) = preSolution
		Debug|Any CPU = Debug|Any CPU
		Release|Any CPU = Release|Any CPU
	EndGlobalSection
	GlobalSection(ProjectConfigurationPlatforms) = postSolution
		{19B5943D-9C0B-4FDD-92E5-27CEA0BEFAEC}.Debug|Any CPU.ActiveCfg = Debug|Any CPU
		{19B5943D-9C0B-4FDD-92E5-27CEA0BEFAEC}.Debug|Any CPU.Build.0 = Debug|Any CPU
		{19B5943D-9C0B-4FDD-92E5-27CEA0BEFAEC}.Release|Any CPU.ActiveCfg = Release|Any CPU
		{19B5943D-9C0B-4FDD-92E5-27CEA0BEFAEC}.Release|Any CPU.Build.0 = Release|Any CPU
		{6BADE8B8-6826-4679-B612-9222A86E566D}.Debug|Any CPU.ActiveCfg = Debug|Any CPU
		{6BADE8B8-6826-4679-B612-9222A86E566D}.Debug|Any CPU.Build.0 = Debug|Any CPU
		{6BADE8B8-6826-4679-B612-9222A86E566D}.Release|Any CPU.ActiveCfg = Release|Any CPU
		{6BADE8B8-6826-4679-B612-9222A86E566D}.Release|Any CPU.Build.0 = Release|Any CPU
		{71A251A5-D778-4513-BF35-83243449E957}.Debug|Any CPU.ActiveCfg = Debug|Any CPU
		{71A251A5-D778-4513-BF35-83243449E957}.Debug|Any CPU.Build.0 = Debug|Any CPU
		{71A251A5-D778-4513-BF35-83243449E957}.Release|Any CPU.ActiveCfg = Release|Any CPU
		{71A251A5-D778-4513-BF35-83243449E957}.Release|Any CPU.Build.0 = Release|Any CPU
	EndGlobalSection
	GlobalSection(SolutionProperties) = preSolution
		HideSolutionNode = FALSE
	EndGlobalSection
	GlobalSection(ExtensibilityGlobals) = postSolution
		SolutionGuid = {CAA4F4C3-37D8-4A93-A709-2BDEB26B8C6C}
	EndGlobalSection
EndGlobal
